
Microsoft Visual Studio Solution File, Format Version 12.00
# Visual Studio Version 17
VisualStudioVersion = 17.8.34525.116
MinimumVisualStudioVersion = 10.0.40219.1
Project("{FAE04EC0-301F-11D3-BF4B-00C04F79EFBC}") = "CarvedRock", "CarvedRock.csproj", "{EAAAFD7D-F15F-493B-8521-AE4C60C25A4B}"
EndProject
Global
	GlobalSection(SolutionConfigurationPlatforms) = preSolution
		Debug|Any CPU = Debug|Any CPU
		Release|Any CPU = Release|Any CPU
	EndGlobalSection
	GlobalSection(ProjectConfigurationPlatforms) = postSolution
		{EAAAFD7D-F15F-493B-8521-AE4C60C25A4B}.Debug|Any CPU.ActiveCfg = Debug|Any CPU
		{EAAAFD7D-F15F-493B-8521-AE4C60C25A4B}.Debug|Any CPU.Build.0 = Debug|Any CPU
		{EAAAFD7D-F15F-493B-8521-AE4C60C25A4B}.Release|Any CPU.ActiveCfg = Release|Any CPU
		{EAAAFD7D-F15F-493B-8521-AE4C60C25A4B}.Release|Any CPU.Build.0 = Release|Any CPU
	EndGlobalSection
	GlobalSection(SolutionProperties) = preSolution
		HideSolutionNode = FALSE
	EndGlobalSection
	GlobalSection(ExtensibilityGlobals) = postSolution
		SolutionGuid = {8B89908E-E7CF-4ECF-8EA2-2419FE7C7404}
	EndGlobalSection
EndGlobal
